<?xml version="1.0" encoding="utf-8"?>
<Project ToolsVersion="4.0" xmlns="http://schemas.microsoft.com/developer/msbuild/2003">
  <ItemGroup>
    <Filter Include="Header">
      <UniqueIdentifier>{93995380-89BD-4b04-88EB-625FBE52EBFB}</UniqueIdentifier>
      <Extensions>h;hh;hpp;hxx;h++;hm;inl;inc;ipp;xsd</Extensions>
    </Filter>
    <Filter Include="Header\Engine">
      <UniqueIdentifier>{bb994117-fea7-4ef3-a4d6-1394cecf8dac}</UniqueIdentifier>
    </Filter>
    <Filter Include="Source">
      <UniqueIdentifier>{4FC737F1-C7A5-4376-A066-2A32D752A2FF}</UniqueIdentifier>
      <Extensions>cpp;c;cc;cxx;c++;cppm;ixx;def;odl;idl;hpj;bat;asm;asmx</Extensions>
    </Filter>
    <Filter Include="Source\Engine">
      <UniqueIdentifier>{19f67d16-4172-4493-8e9f-e4f44b48e5a9}</UniqueIdentifier>
    </Filter>
    <Filter Include="Source\リソース ファイル">
      <UniqueIdentifier>{67DA6AB6-F800-4c08-8B7A-83BB121AAD01}</UniqueIdentifier>
      <Extensions>rc;ico;cur;bmp;dlg;rc2;rct;bin;rgs;gif;jpg;jpeg;jpe;resx;tiff;tif;png;wav;mfcribbon-ms</Extensions>
    </Filter>
  </ItemGroup>
  <ItemGroup>
    <ClCompile Include="Main.cpp">
      <Filter>Source</Filter>
    </ClCompile>
    <ClCompile Include="Engine\CAM.cpp">
      <Filter>Source\Engine</Filter>
    </ClCompile>
    <ClCompile Include="Engine\D3D.cpp">
      <Filter>Source\Engine</Filter>
    </ClCompile>
    <ClCompile Include="Engine\DInput.cpp">
      <Filter>Source\Engine</Filter>
    </ClCompile>
    <ClCompile Include="Engine\FBX.cpp">
      <Filter>Source\Engine</Filter>
    </ClCompile>
    <ClCompile Include="Engine\GOBJ.cpp">
      <Filter>Source\Engine</Filter>
    </ClCompile>
    <ClCompile Include="Engine\M_Quad.cpp">
      <Filter>Source\Engine</Filter>
    </ClCompile>
    <ClCompile Include="Engine\RootOBJ.cpp">
      <Filter>Source\Engine</Filter>
    </ClCompile>
    <ClCompile Include="Engine\Sprite.cpp">
      <Filter>Source\Engine</Filter>
    </ClCompile>
    <ClCompile Include="Engine\Texture.cpp">
      <Filter>Source\Engine</Filter>
    </ClCompile>
    <ClCompile Include="Engine\Trans.cpp">
      <Filter>Source\Engine</Filter>
    </ClCompile>
    <ClCompile Include="Engine\LOBJ.cpp">
      <Filter>Source\Engine</Filter>
    </ClCompile>
    <ClCompile Include="Engine\Model.cpp">
      <Filter>Source\Engine</Filter>
    </ClCompile>
    <ClCompile Include="SCENE_Test.cpp">
      <Filter>Source</Filter>
    </ClCompile>
    <ClCompile Include="Engine\SceneManager.cpp">
      <Filter>Source\Engine</Filter>
    </ClCompile>
    <ClCompile Include="CamCon.cpp">
      <Filter>Source</Filter>
    </ClCompile>
    <ClCompile Include="Stage.cpp">
      <Filter>Source</Filter>
    </ClCompile>
  </ItemGroup>
  <ItemGroup>
    <FxCompile Include="Celllook.hlsl">
      <Filter>Source\リソース ファイル</Filter>
    </FxCompile>
    <FxCompile Include="Fresnel.hlsl">
      <Filter>Source\リソース ファイル</Filter>
    </FxCompile>
    <FxCompile Include="Point3D.hlsl">
      <Filter>Source\リソース ファイル</Filter>
    </FxCompile>
    <FxCompile Include="Simple2D.hlsl">
      <Filter>Source\リソース ファイル</Filter>
    </FxCompile>
    <FxCompile Include="Simple3D.hlsl">
      <Filter>Source\リソース ファイル</Filter>
    </FxCompile>
    <FxCompile Include="Toon3D.hlsl">
      <Filter>Source\リソース ファイル</Filter>
    </FxCompile>
  </ItemGroup>
  <ItemGroup>
    <None Include="Engine\packages.config">
      <Filter>Source\リソース ファイル</Filter>
    </None>
  </ItemGroup>
  <ItemGroup>
    <ClInclude Include="Engine\CAM.h">
      <Filter>Header\Engine</Filter>
    </ClInclude>
    <ClInclude Include="Engine\CONSTANT_BUFFER.h">
      <Filter>Header\Engine</Filter>
    </ClInclude>
    <ClInclude Include="Engine\D3D.h">
      <Filter>Header\Engine</Filter>
    </ClInclude>
    <ClInclude Include="Engine\DInput.h">
      <Filter>Header\Engine</Filter>
    </ClInclude>
    <ClInclude Include="Engine\FBX.h">
      <Filter>Header\Engine</Filter>
    </ClInclude>
    <ClInclude Include="Engine\GOBJ.h">
      <Filter>Header\Engine</Filter>
    </ClInclude>
    <ClInclude Include="Engine\M_Quad.h">
      <Filter>Header\Engine</Filter>
    </ClInclude>
    <ClInclude Include="Engine\MACRO.h">
      <Filter>Header\Engine</Filter>
    </ClInclude>
    <ClInclude Include="Engine\RootOBJ.h">
      <Filter>Header\Engine</Filter>
    </ClInclude>
    <ClInclude Include="Engine\Sprite.h">
      <Filter>Header\Engine</Filter>
    </ClInclude>
    <ClInclude Include="Engine\Texture.h">
      <Filter>Header\Engine</Filter>
    </ClInclude>
    <ClInclude Include="Engine\Trans.h">
      <Filter>Header\Engine</Filter>
    </ClInclude>
    <ClInclude Include="Engine\LOBJ.h">
      <Filter>Header\Engine</Filter>
    </ClInclude>
    <ClInclude Include="Engine\Model.h">
      <Filter>Header\Engine</Filter>
    </ClInclude>
    <ClInclude Include="Engine\LIGHTMANAGER.h">
      <Filter>Header\Engine</Filter>
    </ClInclude>
    <ClInclude Include="SCENE_Test.h">
      <Filter>Header</Filter>
    </ClInclude>
    <ClInclude Include="Engine\SceneManager.h">
      <Filter>Header\Engine</Filter>
    </ClInclude>
    <ClInclude Include="CamCon.h">
      <Filter>Header</Filter>
    </ClInclude>
    <ClInclude Include="Stage.h">
      <Filter>Header</Filter>
    </ClInclude>
    <ClInclude Include="resource.h">
      <Filter>Header</Filter>
    </ClInclude>
  </ItemGroup>
  <ItemGroup>
    <ResourceCompile Include="Map_Editor.rc">
      <Filter>Source\リソース ファイル</Filter>
    </ResourceCompile>
  </ItemGroup>
</Project>